
Microsoft Visual Studio Solution File, Format Version 12.00
# Visual Studio 14
VisualStudioVersion = 14.0.25420.1
MinimumVisualStudioVersion = 10.0.40219.1
Project("{FAE04EC0-301F-11D3-BF4B-00C04F79EFBC}") = "CallByValue", "CallByValue\CallByValue.csproj", "{9258BD5D-6437-46D9-822F-B0C68BD0B75C}"
EndProject
Global
	GlobalSection(SolutionConfigurationPlatforms) = preSolution
		Debug|Any CPU = Debug|Any CPU
		Release|Any CPU = Release|Any CPU
	EndGlobalSection
	GlobalSection(ProjectConfigurationPlatforms) = postSolution
		{9258BD5D-6437-46D9-822F-B0C68BD0B75C}.Debug|Any CPU.ActiveCfg = Debug|Any CPU
		{9258BD5D-6437-46D9-822F-B0C68BD0B75C}.Debug|Any CPU.Build.0 = Debug|Any CPU
		{9258BD5D-6437-46D9-822F-B0C68BD0B75C}.Release|Any CPU.ActiveCfg = Release|Any CPU
		{9258BD5D-6437-46D9-822F-B0C68BD0B75C}.Release|Any CPU.Build.0 = Release|Any CPU
	EndGlobalSection
	GlobalSection(SolutionProperties) = preSolution
		HideSolutionNode = FALSE
	EndGlobalSection
EndGlobal
